
Microsoft Visual Studio Solution File, Format Version 12.00
# Visual Studio Version 16
VisualStudioVersion = 16.0.28803.156
MinimumVisualStudioVersion = 10.0.40219.1
Project("{FAE04EC0-301F-11D3-BF4B-00C04F79EFBC}") = "IgraSprirodoy", "IgraSprirodoy\IgraSprirodoy.csproj", "{C9CB12F7-2EF4-437F-850A-65C6A8EF1A04}"
EndProject
Global
	GlobalSection(SolutionConfigurationPlatforms) = preSolution
		Debug|Any CPU = Debug|Any CPU
		Release|Any CPU = Release|Any CPU
	EndGlobalSection
	GlobalSection(ProjectConfigurationPlatforms) = postSolution
		{C9CB12F7-2EF4-437F-850A-65C6A8EF1A04}.Debug|Any CPU.ActiveCfg = Debug|Any CPU
		{C9CB12F7-2EF4-437F-850A-65C6A8EF1A04}.Debug|Any CPU.Build.0 = Debug|Any CPU
		{C9CB12F7-2EF4-437F-850A-65C6A8EF1A04}.Release|Any CPU.ActiveCfg = Release|Any CPU
		{C9CB12F7-2EF4-437F-850A-65C6A8EF1A04}.Release|Any CPU.Build.0 = Release|Any CPU
	EndGlobalSection
	GlobalSection(SolutionProperties) = preSolution
		HideSolutionNode = FALSE
	EndGlobalSection
	GlobalSection(ExtensibilityGlobals) = postSolution
		SolutionGuid = {3E2B57CC-2B99-43CB-A16F-70DDCE538F7A}
	EndGlobalSection
EndGlobal
